
Microsoft Visual Studio Solution File, Format Version 12.00
# Visual Studio Version 16
VisualStudioVersion = 16.0.31205.134
MinimumVisualStudioVersion = 10.0.40219.1
Project("{FAE04EC0-301F-11D3-BF4B-00C04F79EFBC}") = "TP Theorie des langages", "TP Theorie des langages.csproj", "{4F119B45-1F1C-46AB-B679-6E05F139182A}"
EndProject
Global
	GlobalSection(SolutionConfigurationPlatforms) = preSolution
		Debug|Any CPU = Debug|Any CPU
		Release|Any CPU = Release|Any CPU
	EndGlobalSection
	GlobalSection(ProjectConfigurationPlatforms) = postSolution
		{4F119B45-1F1C-46AB-B679-6E05F139182A}.Debug|Any CPU.ActiveCfg = Debug|Any CPU
		{4F119B45-1F1C-46AB-B679-6E05F139182A}.Debug|Any CPU.Build.0 = Debug|Any CPU
		{4F119B45-1F1C-46AB-B679-6E05F139182A}.Release|Any CPU.ActiveCfg = Release|Any CPU
		{4F119B45-1F1C-46AB-B679-6E05F139182A}.Release|Any CPU.Build.0 = Release|Any CPU
	EndGlobalSection
	GlobalSection(SolutionProperties) = preSolution
		HideSolutionNode = FALSE
	EndGlobalSection
	GlobalSection(ExtensibilityGlobals) = postSolution
		SolutionGuid = {A319E9A4-F21F-4E6D-8056-B2A4D61E3B2D}
	EndGlobalSection
EndGlobal
